
Microsoft Visual Studio Solution File, Format Version 12.00
# Visual Studio Version 17
VisualStudioVersion = 17.10.34928.147
MinimumVisualStudioVersion = 10.0.40219.1
Project("{FAE04EC0-301F-11D3-BF4B-00C04F79EFBC}") = "Sistema de facturacion", "Sistema de facturacion\Sistema de facturacion.csproj", "{BBE400DE-AC18-4706-AF83-F8AEE7081EF9}"
EndProject
Global
	GlobalSection(SolutionConfigurationPlatforms) = preSolution
		Debug|Any CPU = Debug|Any CPU
		Release|Any CPU = Release|Any CPU
	EndGlobalSection
	GlobalSection(ProjectConfigurationPlatforms) = postSolution
		{BBE400DE-AC18-4706-AF83-F8AEE7081EF9}.Debug|Any CPU.ActiveCfg = Debug|Any CPU
		{BBE400DE-AC18-4706-AF83-F8AEE7081EF9}.Debug|Any CPU.Build.0 = Debug|Any CPU
		{BBE400DE-AC18-4706-AF83-F8AEE7081EF9}.Release|Any CPU.ActiveCfg = Release|Any CPU
		{BBE400DE-AC18-4706-AF83-F8AEE7081EF9}.Release|Any CPU.Build.0 = Release|Any CPU
	EndGlobalSection
	GlobalSection(SolutionProperties) = preSolution
		HideSolutionNode = FALSE
	EndGlobalSection
	GlobalSection(ExtensibilityGlobals) = postSolution
		SolutionGuid = {DA814CB0-EBBC-498E-ADB1-7CD800BF18E7}
	EndGlobalSection
EndGlobal
